// !$*UTF8*$!
{
	archiveVersion = 1;
	classes = {
	};
	objectVersion = 56;
	objects = {

/* Begin PBXBuildFile section */
		7E0042EC293159BF006157AD /* AppDelegate.swift in Sources */ = {isa = PBXBuildFile; fileRef = 7E0042EB293159BF006157AD /* AppDelegate.swift */; };
		7E0042EE293159BF006157AD /* SceneDelegate.swift in Sources */ = {isa = PBXBuildFile; fileRef = 7E0042ED293159BF006157AD /* SceneDelegate.swift */; };
		7E0042F3293159BF006157AD /* Main.storyboard in Resources */ = {isa = PBXBuildFile; fileRef = 7E0042F1293159BF006157AD /* Main.storyboard */; };
		7E0042F5293159C1006157AD /* Assets.xcassets in Resources */ = {isa = PBXBuildFile; fileRef = 7E0042F4293159C1006157AD /* Assets.xcassets */; };
		7E0042F8293159C1006157AD /* LaunchScreen.storyboard in Resources */ = {isa = PBXBuildFile; fileRef = 7E0042F6293159C1006157AD /* LaunchScreen.storyboard */; };
		7E0419522948A65D0033292E /* routines_success.json in Resources */ = {isa = PBXBuildFile; fileRef = 7E0419512948A65D0033292E /* routines_success.json */; };
		7E0419542948A71F0033292E /* RoutineResponse.swift in Sources */ = {isa = PBXBuildFile; fileRef = 7E0419532948A71F0033292E /* RoutineResponse.swift */; };
		7E0419562948A8F00033292E /* NetWorking.swift in Sources */ = {isa = PBXBuildFile; fileRef = 7E0419552948A8F00033292E /* NetWorking.swift */; };
		7E22A2E9294A2F4E004037B2 /* CreateRoutineViewController.swift in Sources */ = {isa = PBXBuildFile; fileRef = 7E22A2E8294A2F4E004037B2 /* CreateRoutineViewController.swift */; };
		7E22A2F0294A3300004037B2 /* CreateRoutineConfigurator.swift in Sources */ = {isa = PBXBuildFile; fileRef = 7E22A2EF294A3300004037B2 /* CreateRoutineConfigurator.swift */; };
		7E22A2F2294A3316004037B2 /* CreateRoutinePresenter.swift in Sources */ = {isa = PBXBuildFile; fileRef = 7E22A2F1294A3316004037B2 /* CreateRoutinePresenter.swift */; };
		7E22A2F4294A332F004037B2 /* CreateRoutineInteractor.swift in Sources */ = {isa = PBXBuildFile; fileRef = 7E22A2F3294A332F004037B2 /* CreateRoutineInteractor.swift */; };
		7E22A2F6294A3341004037B2 /* CreateRoutineRouter.swift in Sources */ = {isa = PBXBuildFile; fileRef = 7E22A2F5294A3341004037B2 /* CreateRoutineRouter.swift */; };
		7E22A2F8294A3C36004037B2 /* CreateRoutineCollectionViewCell.swift in Sources */ = {isa = PBXBuildFile; fileRef = 7E22A2F7294A3C36004037B2 /* CreateRoutineCollectionViewCell.swift */; };
		7E22A2FF294A4524004037B2 /* ExerciseResponse.swift in Sources */ = {isa = PBXBuildFile; fileRef = 7E22A2FE294A4524004037B2 /* ExerciseResponse.swift */; };
		7E22A301294A4A8F004037B2 /* ExerciseEntity.swift in Sources */ = {isa = PBXBuildFile; fileRef = 7E22A300294A4A8F004037B2 /* ExerciseEntity.swift */; };
		7E22A303294A4DF9004037B2 /* CreateRoutineExerciseTableViewCell.swift in Sources */ = {isa = PBXBuildFile; fileRef = 7E22A302294A4DF9004037B2 /* CreateRoutineExerciseTableViewCell.swift */; };
		7E22A305294A81CD004037B2 /* all_exercises_success.json in Resources */ = {isa = PBXBuildFile; fileRef = 7E22A304294A81CD004037B2 /* all_exercises_success.json */; };
		7E247B9D29493C2900B4E094 /* RoutineDetailViewController.swift in Sources */ = {isa = PBXBuildFile; fileRef = 7E247B9C29493C2900B4E094 /* RoutineDetailViewController.swift */; };
		7E247B9F29493C5400B4E094 /* RoutineDetailConfigurator.swift in Sources */ = {isa = PBXBuildFile; fileRef = 7E247B9E29493C5400B4E094 /* RoutineDetailConfigurator.swift */; };
		7E247BA129493C6400B4E094 /* RoutineDetailPresenter.swift in Sources */ = {isa = PBXBuildFile; fileRef = 7E247BA029493C6400B4E094 /* RoutineDetailPresenter.swift */; };
		7E247BA52949523A00B4E094 /* RoutineDetailProtocols.swift in Sources */ = {isa = PBXBuildFile; fileRef = 7E247BA42949523A00B4E094 /* RoutineDetailProtocols.swift */; };
		7E247BA8294952CC00B4E094 /* RoutineDetailEntity.swift in Sources */ = {isa = PBXBuildFile; fileRef = 7E247BA7294952CC00B4E094 /* RoutineDetailEntity.swift */; };
		7E29F04C29478EAD0037D2BF /* TemplateViewController.swift in Sources */ = {isa = PBXBuildFile; fileRef = 7E29F04B29478EAD0037D2BF /* TemplateViewController.swift */; };
		7E489A73293D4E2F00E1B189 /* RoutineTableViewCell.swift in Sources */ = {isa = PBXBuildFile; fileRef = 7E489A71293D4E2F00E1B189 /* RoutineTableViewCell.swift */; };
		7E489A74293D4E2F00E1B189 /* RoutineTableViewCell.xib in Resources */ = {isa = PBXBuildFile; fileRef = 7E489A72293D4E2F00E1B189 /* RoutineTableViewCell.xib */; };
		7E5A1FCA294DF0F900F4090D /* ExerciseRoutineCollectionViewCell.swift in Sources */ = {isa = PBXBuildFile; fileRef = 7E5A1FC9294DF0F900F4090D /* ExerciseRoutineCollectionViewCell.swift */; };
		7EE2AD502948951000ED8708 /* MyRoutinesViewController.swift in Sources */ = {isa = PBXBuildFile; fileRef = 7EE2AD4F2948951000ED8708 /* MyRoutinesViewController.swift */; };
		7EE2AD522948952200ED8708 /* MyRoutinesConfigurator.swift in Sources */ = {isa = PBXBuildFile; fileRef = 7EE2AD512948952200ED8708 /* MyRoutinesConfigurator.swift */; };
		7EE2AD542948953200ED8708 /* MyRoutinesPresenter.swift in Sources */ = {isa = PBXBuildFile; fileRef = 7EE2AD532948953200ED8708 /* MyRoutinesPresenter.swift */; };
		7EE2AD562948953E00ED8708 /* MyRoutinesInteractor.swift in Sources */ = {isa = PBXBuildFile; fileRef = 7EE2AD552948953E00ED8708 /* MyRoutinesInteractor.swift */; };
		7EE2AD582948955B00ED8708 /* MyRoutinesRouter.swift in Sources */ = {isa = PBXBuildFile; fileRef = 7EE2AD572948955B00ED8708 /* MyRoutinesRouter.swift */; };
		7EE2AD5A2948957000ED8708 /* MyRoutinesEntity.swift in Sources */ = {isa = PBXBuildFile; fileRef = 7EE2AD592948957000ED8708 /* MyRoutinesEntity.swift */; };
/* End PBXBuildFile section */

/* Begin PBXFileReference section */
		7E0042E8293159BF006157AD /* WeGoGym.app */ = {isa = PBXFileReference; explicitFileType = wrapper.application; includeInIndex = 0; path = WeGoGym.app; sourceTree = BUILT_PRODUCTS_DIR; };
		7E0042EB293159BF006157AD /* AppDelegate.swift */ = {isa = PBXFileReference; lastKnownFileType = sourcecode.swift; path = AppDelegate.swift; sourceTree = "<group>"; };
		7E0042ED293159BF006157AD /* SceneDelegate.swift */ = {isa = PBXFileReference; lastKnownFileType = sourcecode.swift; path = SceneDelegate.swift; sourceTree = "<group>"; };
		7E0042F2293159BF006157AD /* Base */ = {isa = PBXFileReference; lastKnownFileType = file.storyboard; name = Base; path = Base.lproj/Main.storyboard; sourceTree = "<group>"; };
		7E0042F4293159C1006157AD /* Assets.xcassets */ = {isa = PBXFileReference; lastKnownFileType = folder.assetcatalog; path = Assets.xcassets; sourceTree = "<group>"; };
		7E0042F7293159C1006157AD /* Base */ = {isa = PBXFileReference; lastKnownFileType = file.storyboard; name = Base; path = Base.lproj/LaunchScreen.storyboard; sourceTree = "<group>"; };
		7E0042F9293159C1006157AD /* Info.plist */ = {isa = PBXFileReference; lastKnownFileType = text.plist.xml; path = Info.plist; sourceTree = "<group>"; };
		7E0419512948A65D0033292E /* routines_success.json */ = {isa = PBXFileReference; lastKnownFileType = text.json; path = routines_success.json; sourceTree = "<group>"; };
		7E0419532948A71F0033292E /* RoutineResponse.swift */ = {isa = PBXFileReference; lastKnownFileType = sourcecode.swift; path = RoutineResponse.swift; sourceTree = "<group>"; };
		7E0419552948A8F00033292E /* NetWorking.swift */ = {isa = PBXFileReference; lastKnownFileType = sourcecode.swift; path = NetWorking.swift; sourceTree = "<group>"; };
		7E22A2E8294A2F4E004037B2 /* CreateRoutineViewController.swift */ = {isa = PBXFileReference; lastKnownFileType = sourcecode.swift; path = CreateRoutineViewController.swift; sourceTree = "<group>"; };
		7E22A2EF294A3300004037B2 /* CreateRoutineConfigurator.swift */ = {isa = PBXFileReference; lastKnownFileType = sourcecode.swift; path = CreateRoutineConfigurator.swift; sourceTree = "<group>"; };
		7E22A2F1294A3316004037B2 /* CreateRoutinePresenter.swift */ = {isa = PBXFileReference; lastKnownFileType = sourcecode.swift; path = CreateRoutinePresenter.swift; sourceTree = "<group>"; };
		7E22A2F3294A332F004037B2 /* CreateRoutineInteractor.swift */ = {isa = PBXFileReference; lastKnownFileType = sourcecode.swift; path = CreateRoutineInteractor.swift; sourceTree = "<group>"; };
		7E22A2F5294A3341004037B2 /* CreateRoutineRouter.swift */ = {isa = PBXFileReference; lastKnownFileType = sourcecode.swift; path = CreateRoutineRouter.swift; sourceTree = "<group>"; };
		7E22A2F7294A3C36004037B2 /* CreateRoutineCollectionViewCell.swift */ = {isa = PBXFileReference; lastKnownFileType = sourcecode.swift; path = CreateRoutineCollectionViewCell.swift; sourceTree = "<group>"; };
		7E22A2FE294A4524004037B2 /* ExerciseResponse.swift */ = {isa = PBXFileReference; lastKnownFileType = sourcecode.swift; path = ExerciseResponse.swift; sourceTree = "<group>"; };
		7E22A300294A4A8F004037B2 /* ExerciseEntity.swift */ = {isa = PBXFileReference; lastKnownFileType = sourcecode.swift; path = ExerciseEntity.swift; sourceTree = "<group>"; };
		7E22A302294A4DF9004037B2 /* CreateRoutineExerciseTableViewCell.swift */ = {isa = PBXFileReference; lastKnownFileType = sourcecode.swift; path = CreateRoutineExerciseTableViewCell.swift; sourceTree = "<group>"; };
		7E22A304294A81CD004037B2 /* all_exercises_success.json */ = {isa = PBXFileReference; lastKnownFileType = text.json; path = all_exercises_success.json; sourceTree = "<group>"; };
		7E247B9C29493C2900B4E094 /* RoutineDetailViewController.swift */ = {isa = PBXFileReference; lastKnownFileType = sourcecode.swift; path = RoutineDetailViewController.swift; sourceTree = "<group>"; };
		7E247B9E29493C5400B4E094 /* RoutineDetailConfigurator.swift */ = {isa = PBXFileReference; lastKnownFileType = sourcecode.swift; path = RoutineDetailConfigurator.swift; sourceTree = "<group>"; };
		7E247BA029493C6400B4E094 /* RoutineDetailPresenter.swift */ = {isa = PBXFileReference; lastKnownFileType = sourcecode.swift; path = RoutineDetailPresenter.swift; sourceTree = "<group>"; };
		7E247BA42949523A00B4E094 /* RoutineDetailProtocols.swift */ = {isa = PBXFileReference; lastKnownFileType = sourcecode.swift; path = RoutineDetailProtocols.swift; sourceTree = "<group>"; };
		7E247BA7294952CC00B4E094 /* RoutineDetailEntity.swift */ = {isa = PBXFileReference; lastKnownFileType = sourcecode.swift; path = RoutineDetailEntity.swift; sourceTree = "<group>"; };
		7E29F04B29478EAD0037D2BF /* TemplateViewController.swift */ = {isa = PBXFileReference; lastKnownFileType = sourcecode.swift; path = TemplateViewController.swift; sourceTree = "<group>"; };
		7E489A71293D4E2F00E1B189 /* RoutineTableViewCell.swift */ = {isa = PBXFileReference; lastKnownFileType = sourcecode.swift; path = RoutineTableViewCell.swift; sourceTree = "<group>"; };
		7E489A72293D4E2F00E1B189 /* RoutineTableViewCell.xib */ = {isa = PBXFileReference; lastKnownFileType = file.xib; path = RoutineTableViewCell.xib; sourceTree = "<group>"; };
		7E5A1FC9294DF0F900F4090D /* ExerciseRoutineCollectionViewCell.swift */ = {isa = PBXFileReference; lastKnownFileType = sourcecode.swift; path = ExerciseRoutineCollectionViewCell.swift; sourceTree = "<group>"; };
		7EE2AD4F2948951000ED8708 /* MyRoutinesViewController.swift */ = {isa = PBXFileReference; lastKnownFileType = sourcecode.swift; path = MyRoutinesViewController.swift; sourceTree = "<group>"; };
		7EE2AD512948952200ED8708 /* MyRoutinesConfigurator.swift */ = {isa = PBXFileReference; lastKnownFileType = sourcecode.swift; path = MyRoutinesConfigurator.swift; sourceTree = "<group>"; };
		7EE2AD532948953200ED8708 /* MyRoutinesPresenter.swift */ = {isa = PBXFileReference; lastKnownFileType = sourcecode.swift; path = MyRoutinesPresenter.swift; sourceTree = "<group>"; };
		7EE2AD552948953E00ED8708 /* MyRoutinesInteractor.swift */ = {isa = PBXFileReference; lastKnownFileType = sourcecode.swift; path = MyRoutinesInteractor.swift; sourceTree = "<group>"; };
		7EE2AD572948955B00ED8708 /* MyRoutinesRouter.swift */ = {isa = PBXFileReference; lastKnownFileType = sourcecode.swift; path = MyRoutinesRouter.swift; sourceTree = "<group>"; };
		7EE2AD592948957000ED8708 /* MyRoutinesEntity.swift */ = {isa = PBXFileReference; lastKnownFileType = sourcecode.swift; path = MyRoutinesEntity.swift; sourceTree = "<group>"; };
/* End PBXFileReference section */

/* Begin PBXFrameworksBuildPhase section */
		7E0042E5293159BF006157AD /* Frameworks */ = {
			isa = PBXFrameworksBuildPhase;
			buildActionMask = 2147483647;
			files = (
			);
			runOnlyForDeploymentPostprocessing = 0;
		};
/* End PBXFrameworksBuildPhase section */

/* Begin PBXGroup section */
		7E0042DF293159BF006157AD = {
			isa = PBXGroup;
			children = (
				7E0042EA293159BF006157AD /* WeGoGym */,
				7E0042E9293159BF006157AD /* Products */,
			);
			sourceTree = "<group>";
		};
		7E0042E9293159BF006157AD /* Products */ = {
			isa = PBXGroup;
			children = (
				7E0042E8293159BF006157AD /* WeGoGym.app */,
			);
			name = Products;
			sourceTree = "<group>";
		};
		7E0042EA293159BF006157AD /* WeGoGym */ = {
			isa = PBXGroup;
			children = (
				7E0C60A82946D1F600A7A529 /* ViperArchitecture */,
				7E0042F1293159BF006157AD /* Main.storyboard */,
				7E0042F4293159C1006157AD /* Assets.xcassets */,
				7E0042F6293159C1006157AD /* LaunchScreen.storyboard */,
				7E0042F9293159C1006157AD /* Info.plist */,
			);
			path = WeGoGym;
			sourceTree = "<group>";
		};
		7E0419502948A62A0033292E /* Resources */ = {
			isa = PBXGroup;
			children = (
				7E0419512948A65D0033292E /* routines_success.json */,
				7E0419532948A71F0033292E /* RoutineResponse.swift */,
			);
			path = Resources;
			sourceTree = "<group>";
		};
		7E0419572948F2E60033292E /* View */ = {
			isa = PBXGroup;
			children = (
				7EE2AD4F2948951000ED8708 /* MyRoutinesViewController.swift */,
				7E489A71293D4E2F00E1B189 /* RoutineTableViewCell.swift */,
				7E489A72293D4E2F00E1B189 /* RoutineTableViewCell.xib */,
			);
			path = View;
			sourceTree = "<group>";
		};
		7E0C60A82946D1F600A7A529 /* ViperArchitecture */ = {
			isa = PBXGroup;
			children = (
				7EE2AD5B29489E9600ED8708 /* Extras */,
				7E22A2E6294A2EA4004037B2 /* CreateRoutine */,
				7E247B9B29493BEE00B4E094 /* RoutineDetail */,
				7E0C60A92946D1FF00A7A529 /* MyRoutines */,
				7E29F04B29478EAD0037D2BF /* TemplateViewController.swift */,
				7E0042EB293159BF006157AD /* AppDelegate.swift */,
				7E0042ED293159BF006157AD /* SceneDelegate.swift */,
			);
			path = ViperArchitecture;
			sourceTree = "<group>";
		};
		7E0C60A92946D1FF00A7A529 /* MyRoutines */ = {
			isa = PBXGroup;
			children = (
				7E22A2E5294A2AEE004037B2 /* Configurator */,
				7E22A2E4294A2ACF004037B2 /* Interactor */,
				7E22A2E3294A2AC6004037B2 /* Router */,
				7E22A2E2294A2AB2004037B2 /* Presenter */,
				7E247BA6294952B400B4E094 /* Entity */,
				7E0419572948F2E60033292E /* View */,
				7E0419502948A62A0033292E /* Resources */,
			);
			path = MyRoutines;
			sourceTree = "<group>";
		};
		7E22A2E2294A2AB2004037B2 /* Presenter */ = {
			isa = PBXGroup;
			children = (
				7EE2AD532948953200ED8708 /* MyRoutinesPresenter.swift */,
			);
			path = Presenter;
			sourceTree = "<group>";
		};
		7E22A2E3294A2AC6004037B2 /* Router */ = {
			isa = PBXGroup;
			children = (
				7EE2AD572948955B00ED8708 /* MyRoutinesRouter.swift */,
			);
			path = Router;
			sourceTree = "<group>";
		};
		7E22A2E4294A2ACF004037B2 /* Interactor */ = {
			isa = PBXGroup;
			children = (
				7EE2AD552948953E00ED8708 /* MyRoutinesInteractor.swift */,
			);
			path = Interactor;
			sourceTree = "<group>";
		};
		7E22A2E5294A2AEE004037B2 /* Configurator */ = {
			isa = PBXGroup;
			children = (
				7EE2AD512948952200ED8708 /* MyRoutinesConfigurator.swift */,
			);
			path = Configurator;
			sourceTree = "<group>";
		};
		7E22A2E6294A2EA4004037B2 /* CreateRoutine */ = {
			isa = PBXGroup;
			children = (
				7E22A2FA294A42B3004037B2 /* Resources */,
				7E22A2EE294A32BC004037B2 /* Entity */,
				7E22A2ED294A32B6004037B2 /* Router */,
				7E22A2EC294A32AC004037B2 /* Interactor */,
				7E22A2EB294A32A4004037B2 /* Presenter */,
				7E22A2EA294A2FA8004037B2 /* Configurator */,
				7E22A2E7294A2EB8004037B2 /* View */,
			);
			path = CreateRoutine;
			sourceTree = "<group>";
		};
		7E22A2E7294A2EB8004037B2 /* View */ = {
			isa = PBXGroup;
			children = (
				7E22A2E8294A2F4E004037B2 /* CreateRoutineViewController.swift */,
				7E22A2F7294A3C36004037B2 /* CreateRoutineCollectionViewCell.swift */,
				7E22A302294A4DF9004037B2 /* CreateRoutineExerciseTableViewCell.swift */,
			);
			path = View;
			sourceTree = "<group>";
		};
		7E22A2EA294A2FA8004037B2 /* Configurator */ = {
			isa = PBXGroup;
			children = (
				7E22A2EF294A3300004037B2 /* CreateRoutineConfigurator.swift */,
			);
			path = Configurator;
			sourceTree = "<group>";
		};
		7E22A2EB294A32A4004037B2 /* Presenter */ = {
			isa = PBXGroup;
			children = (
				7E22A2F1294A3316004037B2 /* CreateRoutinePresenter.swift */,
			);
			path = Presenter;
			sourceTree = "<group>";
		};
		7E22A2EC294A32AC004037B2 /* Interactor */ = {
			isa = PBXGroup;
			children = (
				7E22A2F3294A332F004037B2 /* CreateRoutineInteractor.swift */,
			);
			path = Interactor;
			sourceTree = "<group>";
		};
		7E22A2ED294A32B6004037B2 /* Router */ = {
			isa = PBXGroup;
			children = (
				7E22A2F5294A3341004037B2 /* CreateRoutineRouter.swift */,
			);
			path = Router;
			sourceTree = "<group>";
		};
		7E22A2EE294A32BC004037B2 /* Entity */ = {
			isa = PBXGroup;
			children = (
				7E22A300294A4A8F004037B2 /* ExerciseEntity.swift */,
			);
			path = Entity;
			sourceTree = "<group>";
		};
		7E22A2FA294A42B3004037B2 /* Resources */ = {
			isa = PBXGroup;
			children = (
				7E22A2FE294A4524004037B2 /* ExerciseResponse.swift */,
				7E22A304294A81CD004037B2 /* all_exercises_success.json */,
			);
			path = Resources;
			sourceTree = "<group>";
		};
		7E247B9B29493BEE00B4E094 /* RoutineDetail */ = {
			isa = PBXGroup;
			children = (
				7E247B9C29493C2900B4E094 /* RoutineDetailViewController.swift */,
				7E247B9E29493C5400B4E094 /* RoutineDetailConfigurator.swift */,
				7E247BA029493C6400B4E094 /* RoutineDetailPresenter.swift */,
				7E247BA42949523A00B4E094 /* RoutineDetailProtocols.swift */,
				7E5A1FC9294DF0F900F4090D /* ExerciseRoutineCollectionViewCell.swift */,
			);
			path = RoutineDetail;
			sourceTree = "<group>";
		};
		7E247BA6294952B400B4E094 /* Entity */ = {
			isa = PBXGroup;
			children = (
				7EE2AD592948957000ED8708 /* MyRoutinesEntity.swift */,
				7E247BA7294952CC00B4E094 /* RoutineDetailEntity.swift */,
			);
			path = Entity;
			sourceTree = "<group>";
		};
		7EE2AD5B29489E9600ED8708 /* Extras */ = {
			isa = PBXGroup;
			children = (
				7E0419552948A8F00033292E /* NetWorking.swift */,
			);
			path = Extras;
			sourceTree = "<group>";
		};
/* End PBXGroup section */

/* Begin PBXNativeTarget section */
		7E0042E7293159BF006157AD /* WeGoGym */ = {
			isa = PBXNativeTarget;
			buildConfigurationList = 7E0042FC293159C1006157AD /* Build configuration list for PBXNativeTarget "WeGoGym" */;
			buildPhases = (
				7E0042E4293159BF006157AD /* Sources */,
				7E0042E5293159BF006157AD /* Frameworks */,
				7E0042E6293159BF006157AD /* Resources */,
			);
			buildRules = (
			);
			dependencies = (
			);
			name = WeGoGym;
			productName = WeGoGym;
			productReference = 7E0042E8293159BF006157AD /* WeGoGym.app */;
			productType = "com.apple.product-type.application";
		};
/* End PBXNativeTarget section */

/* Begin PBXProject section */
		7E0042E0293159BF006157AD /* Project object */ = {
			isa = PBXProject;
			attributes = {
				BuildIndependentTargetsInParallel = 1;
				LastSwiftUpdateCheck = 1410;
				LastUpgradeCheck = 1410;
				TargetAttributes = {
					7E0042E7293159BF006157AD = {
						CreatedOnToolsVersion = 14.1;
					};
				};
			};
			buildConfigurationList = 7E0042E3293159BF006157AD /* Build configuration list for PBXProject "WeGoGym" */;
			compatibilityVersion = "Xcode 14.0";
			developmentRegion = en;
			hasScannedForEncodings = 0;
			knownRegions = (
				en,
				Base,
			);
			mainGroup = 7E0042DF293159BF006157AD;
			productRefGroup = 7E0042E9293159BF006157AD /* Products */;
			projectDirPath = "";
			projectRoot = "";
			targets = (
				7E0042E7293159BF006157AD /* WeGoGym */,
			);
		};
/* End PBXProject section */

/* Begin PBXResourcesBuildPhase section */
		7E0042E6293159BF006157AD /* Resources */ = {
			isa = PBXResourcesBuildPhase;
			buildActionMask = 2147483647;
			files = (
				7E0419522948A65D0033292E /* routines_success.json in Resources */,
				7E0042F8293159C1006157AD /* LaunchScreen.storyboard in Resources */,
				7E0042F5293159C1006157AD /* Assets.xcassets in Resources */,
				7E0042F3293159BF006157AD /* Main.storyboard in Resources */,
				7E489A74293D4E2F00E1B189 /* RoutineTableViewCell.xib in Resources */,
				7E22A305294A81CD004037B2 /* all_exercises_success.json in Resources */,
			);
			runOnlyForDeploymentPostprocessing = 0;
		};
/* End PBXResourcesBuildPhase section */

/* Begin PBXSourcesBuildPhase section */
		7E0042E4293159BF006157AD /* Sources */ = {
			isa = PBXSourcesBuildPhase;
			buildActionMask = 2147483647;
			files = (
				7E22A2F8294A3C36004037B2 /* CreateRoutineCollectionViewCell.swift in Sources */,
				7E22A303294A4DF9004037B2 /* CreateRoutineExerciseTableViewCell.swift in Sources */,
				7E22A2E9294A2F4E004037B2 /* CreateRoutineViewController.swift in Sources */,
				7EE2AD542948953200ED8708 /* MyRoutinesPresenter.swift in Sources */,
				7E0042EC293159BF006157AD /* AppDelegate.swift in Sources */,
				7EE2AD582948955B00ED8708 /* MyRoutinesRouter.swift in Sources */,
				7E247BA129493C6400B4E094 /* RoutineDetailPresenter.swift in Sources */,
				7E247BA52949523A00B4E094 /* RoutineDetailProtocols.swift in Sources */,
				7E22A2F6294A3341004037B2 /* CreateRoutineRouter.swift in Sources */,
				7E0419562948A8F00033292E /* NetWorking.swift in Sources */,
				7EE2AD562948953E00ED8708 /* MyRoutinesInteractor.swift in Sources */,
				7E0042EE293159BF006157AD /* SceneDelegate.swift in Sources */,
				7EE2AD522948952200ED8708 /* MyRoutinesConfigurator.swift in Sources */,
				7E22A2FF294A4524004037B2 /* ExerciseResponse.swift in Sources */,
				7E22A2F2294A3316004037B2 /* CreateRoutinePresenter.swift in Sources */,
				7E22A301294A4A8F004037B2 /* ExerciseEntity.swift in Sources */,
				7EE2AD502948951000ED8708 /* MyRoutinesViewController.swift in Sources */,
				7E247BA8294952CC00B4E094 /* RoutineDetailEntity.swift in Sources */,
				7E489A73293D4E2F00E1B189 /* RoutineTableViewCell.swift in Sources */,
				7E247B9D29493C2900B4E094 /* RoutineDetailViewController.swift in Sources */,
				7E0419542948A71F0033292E /* RoutineResponse.swift in Sources */,
				7E247B9F29493C5400B4E094 /* RoutineDetailConfigurator.swift in Sources */,
				7E29F04C29478EAD0037D2BF /* TemplateViewController.swift in Sources */,
				7E22A2F4294A332F004037B2 /* CreateRoutineInteractor.swift in Sources */,
				7EE2AD5A2948957000ED8708 /* MyRoutinesEntity.swift in Sources */,
				7E22A2F0294A3300004037B2 /* CreateRoutineConfigurator.swift in Sources */,
				7E5A1FCA294DF0F900F4090D /* ExerciseRoutineCollectionViewCell.swift in Sources */,
			);
			runOnlyForDeploymentPostprocessing = 0;
		};
/* End PBXSourcesBuildPhase section */

/* Begin PBXVariantGroup section */
		7E0042F1293159BF006157AD /* Main.storyboard */ = {
			isa = PBXVariantGroup;
			children = (
				7E0042F2293159BF006157AD /* Base */,
			);
			name = Main.storyboard;
			sourceTree = "<group>";
		};
		7E0042F6293159C1006157AD /* LaunchScreen.storyboard */ = {
			isa = PBXVariantGroup;
			children = (
				7E0042F7293159C1006157AD /* Base */,
			);
			name = LaunchScreen.storyboard;
			sourceTree = "<group>";
		};
/* End PBXVariantGroup section */

/* Begin XCBuildConfiguration section */
		7E0042FA293159C1006157AD /* Debug */ = {
			isa = XCBuildConfiguration;
			buildSettings = {
				ALWAYS_SEARCH_USER_PATHS = NO;
				CLANG_ANALYZER_NONNULL = YES;
				CLANG_ANALYZER_NUMBER_OBJECT_CONVERSION = YES_AGGRESSIVE;
				CLANG_CXX_LANGUAGE_STANDARD = "gnu++20";
				CLANG_ENABLE_MODULES = YES;
				CLANG_ENABLE_OBJC_ARC = YES;
				CLANG_ENABLE_OBJC_WEAK = YES;
				CLANG_WARN_BLOCK_CAPTURE_AUTORELEASING = YES;
				CLANG_WARN_BOOL_CONVERSION = YES;
				CLANG_WARN_COMMA = YES;
				CLANG_WARN_CONSTANT_CONVERSION = YES;
				CLANG_WARN_DEPRECATED_OBJC_IMPLEMENTATIONS = YES;
				CLANG_WARN_DIRECT_OBJC_ISA_USAGE = YES_ERROR;
				CLANG_WARN_DOCUMENTATION_COMMENTS = YES;
				CLANG_WARN_EMPTY_BODY = YES;
				CLANG_WARN_ENUM_CONVERSION = YES;
				CLANG_WARN_INFINITE_RECURSION = YES;
				CLANG_WARN_INT_CONVERSION = YES;
				CLANG_WARN_NON_LITERAL_NULL_CONVERSION = YES;
				CLANG_WARN_OBJC_IMPLICIT_RETAIN_SELF = YES;
				CLANG_WARN_OBJC_LITERAL_CONVERSION = YES;
				CLANG_WARN_OBJC_ROOT_CLASS = YES_ERROR;
				CLANG_WARN_QUOTED_INCLUDE_IN_FRAMEWORK_HEADER = YES;
				CLANG_WARN_RANGE_LOOP_ANALYSIS = YES;
				CLANG_WARN_STRICT_PROTOTYPES = YES;
				CLANG_WARN_SUSPICIOUS_MOVE = YES;
				CLANG_WARN_UNGUARDED_AVAILABILITY = YES_AGGRESSIVE;
				CLANG_WARN_UNREACHABLE_CODE = YES;
				CLANG_WARN__DUPLICATE_METHOD_MATCH = YES;
				COPY_PHASE_STRIP = NO;
				DEBUG_INFORMATION_FORMAT = dwarf;
				ENABLE_STRICT_OBJC_MSGSEND = YES;
				ENABLE_TESTABILITY = YES;
				GCC_C_LANGUAGE_STANDARD = gnu11;
				GCC_DYNAMIC_NO_PIC = NO;
				GCC_NO_COMMON_BLOCKS = YES;
				GCC_OPTIMIZATION_LEVEL = 0;
				GCC_PREPROCESSOR_DEFINITIONS = (
					"DEBUG=1",
					"$(inherited)",
				);
				GCC_WARN_64_TO_32_BIT_CONVERSION = YES;
				GCC_WARN_ABOUT_RETURN_TYPE = YES_ERROR;
				GCC_WARN_UNDECLARED_SELECTOR = YES;
				GCC_WARN_UNINITIALIZED_AUTOS = YES_AGGRESSIVE;
				GCC_WARN_UNUSED_FUNCTION = YES;
				GCC_WARN_UNUSED_VARIABLE = YES;
				IPHONEOS_DEPLOYMENT_TARGET = 16.1;
				MTL_ENABLE_DEBUG_INFO = INCLUDE_SOURCE;
				MTL_FAST_MATH = YES;
				ONLY_ACTIVE_ARCH = YES;
				SDKROOT = iphoneos;
				SWIFT_ACTIVE_COMPILATION_CONDITIONS = DEBUG;
				SWIFT_OPTIMIZATION_LEVEL = "-Onone";
			};
			name = Debug;
		};
		7E0042FB293159C1006157AD /* Release */ = {
			isa = XCBuildConfiguration;
			buildSettings = {
				ALWAYS_SEARCH_USER_PATHS = NO;
				CLANG_ANALYZER_NONNULL = YES;
				CLANG_ANALYZER_NUMBER_OBJECT_CONVERSION = YES_AGGRESSIVE;
				CLANG_CXX_LANGUAGE_STANDARD = "gnu++20";
				CLANG_ENABLE_MODULES = YES;
				CLANG_ENABLE_OBJC_ARC = YES;
				CLANG_ENABLE_OBJC_WEAK = YES;
				CLANG_WARN_BLOCK_CAPTURE_AUTORELEASING = YES;
				CLANG_WARN_BOOL_CONVERSION = YES;
				CLANG_WARN_COMMA = YES;
				CLANG_WARN_CONSTANT_CONVERSION = YES;
				CLANG_WARN_DEPRECATED_OBJC_IMPLEMENTATIONS = YES;
				CLANG_WARN_DIRECT_OBJC_ISA_USAGE = YES_ERROR;
				CLANG_WARN_DOCUMENTATION_COMMENTS = YES;
				CLANG_WARN_EMPTY_BODY = YES;
				CLANG_WARN_ENUM_CONVERSION = YES;
				CLANG_WARN_INFINITE_RECURSION = YES;
				CLANG_WARN_INT_CONVERSION = YES;
				CLANG_WARN_NON_LITERAL_NULL_CONVERSION = YES;
				CLANG_WARN_OBJC_IMPLICIT_RETAIN_SELF = YES;
				CLANG_WARN_OBJC_LITERAL_CONVERSION = YES;
				CLANG_WARN_OBJC_ROOT_CLASS = YES_ERROR;
				CLANG_WARN_QUOTED_INCLUDE_IN_FRAMEWORK_HEADER = YES;
				CLANG_WARN_RANGE_LOOP_ANALYSIS = YES;
				CLANG_WARN_STRICT_PROTOTYPES = YES;
				CLANG_WARN_SUSPICIOUS_MOVE = YES;
				CLANG_WARN_UNGUARDED_AVAILABILITY = YES_AGGRESSIVE;
				CLANG_WARN_UNREACHABLE_CODE = YES;
				CLANG_WARN__DUPLICATE_METHOD_MATCH = YES;
				COPY_PHASE_STRIP = NO;
				DEBUG_INFORMATION_FORMAT = "dwarf-with-dsym";
				ENABLE_NS_ASSERTIONS = NO;
				ENABLE_STRICT_OBJC_MSGSEND = YES;
				GCC_C_LANGUAGE_STANDARD = gnu11;
				GCC_NO_COMMON_BLOCKS = YES;
				GCC_WARN_64_TO_32_BIT_CONVERSION = YES;
				GCC_WARN_ABOUT_RETURN_TYPE = YES_ERROR;
				GCC_WARN_UNDECLARED_SELECTOR = YES;
				GCC_WARN_UNINITIALIZED_AUTOS = YES_AGGRESSIVE;
				GCC_WARN_UNUSED_FUNCTION = YES;
				GCC_WARN_UNUSED_VARIABLE = YES;
				IPHONEOS_DEPLOYMENT_TARGET = 16.1;
				MTL_ENABLE_DEBUG_INFO = NO;
				MTL_FAST_MATH = YES;
				SDKROOT = iphoneos;
				SWIFT_COMPILATION_MODE = wholemodule;
				SWIFT_OPTIMIZATION_LEVEL = "-O";
				VALIDATE_PRODUCT = YES;
			};
			name = Release;
		};
		7E0042FD293159C1006157AD /* Debug */ = {
			isa = XCBuildConfiguration;
			buildSettings = {
				ASSETCATALOG_COMPILER_APPICON_NAME = AppIcon;
				ASSETCATALOG_COMPILER_GLOBAL_ACCENT_COLOR_NAME = AccentColor;
				CODE_SIGN_STYLE = Automatic;
				CURRENT_PROJECT_VERSION = 1;
				GENERATE_INFOPLIST_FILE = YES;
				INFOPLIST_FILE = WeGoGym/Info.plist;
				INFOPLIST_KEY_UIApplicationSupportsIndirectInputEvents = YES;
				INFOPLIST_KEY_UILaunchStoryboardName = LaunchScreen;
				INFOPLIST_KEY_UIMainStoryboardFile = Main;
				INFOPLIST_KEY_UISupportedInterfaceOrientations_iPad = "UIInterfaceOrientationPortrait UIInterfaceOrientationPortraitUpsideDown UIInterfaceOrientationLandscapeLeft UIInterfaceOrientationLandscapeRight";
				INFOPLIST_KEY_UISupportedInterfaceOrientations_iPhone = "UIInterfaceOrientationPortrait UIInterfaceOrientationLandscapeLeft UIInterfaceOrientationLandscapeRight";
				LD_RUNPATH_SEARCH_PATHS = (
					"$(inherited)",
					"@executable_path/Frameworks",
				);
				MARKETING_VERSION = 1.0;
				PRODUCT_BUNDLE_IDENTIFIER = pe.gino.WeGoGym;
				PRODUCT_NAME = "$(TARGET_NAME)";
				SWIFT_EMIT_LOC_STRINGS = YES;
				SWIFT_VERSION = 5.0;
				TARGETED_DEVICE_FAMILY = "1,2";
			};
			name = Debug;
		};
		7E0042FE293159C1006157AD /* Release */ = {
			isa = XCBuildConfiguration;
			buildSettings = {
				ASSETCATALOG_COMPILER_APPICON_NAME = AppIcon;
				ASSETCATALOG_COMPILER_GLOBAL_ACCENT_COLOR_NAME = AccentColor;
				CODE_SIGN_STYLE = Automatic;
				CURRENT_PROJECT_VERSION = 1;
				GENERATE_INFOPLIST_FILE = YES;
				INFOPLIST_FILE = WeGoGym/Info.plist;
				INFOPLIST_KEY_UIApplicationSupportsIndirectInputEvents = YES;
				INFOPLIST_KEY_UILaunchStoryboardName = LaunchScreen;
				INFOPLIST_KEY_UIMainStoryboardFile = Main;
				INFOPLIST_KEY_UISupportedInterfaceOrientations_iPad = "UIInterfaceOrientationPortrait UIInterfaceOrientationPortraitUpsideDown UIInterfaceOrientationLandscapeLeft UIInterfaceOrientationLandscapeRight";
				INFOPLIST_KEY_UISupportedInterfaceOrientations_iPhone = "UIInterfaceOrientationPortrait UIInterfaceOrientationLandscapeLeft UIInterfaceOrientationLandscapeRight";
				LD_RUNPATH_SEARCH_PATHS = (
					"$(inherited)",
					"@executable_path/Frameworks",
				);
				MARKETING_VERSION = 1.0;
				PRODUCT_BUNDLE_IDENTIFIER = pe.gino.WeGoGym;
				PRODUCT_NAME = "$(TARGET_NAME)";
				SWIFT_EMIT_LOC_STRINGS = YES;
				SWIFT_VERSION = 5.0;
				TARGETED_DEVICE_FAMILY = "1,2";
			};
			name = Release;
		};
/* End XCBuildConfiguration section */

/* Begin XCConfigurationList section */
		7E0042E3293159BF006157AD /* Build configuration list for PBXProject "WeGoGym" */ = {
			isa = XCConfigurationList;
			buildConfigurations = (
				7E0042FA293159C1006157AD /* Debug */,
				7E0042FB293159C1006157AD /* Release */,
			);
			defaultConfigurationIsVisible = 0;
			defaultConfigurationName = Release;
		};
		7E0042FC293159C1006157AD /* Build configuration list for PBXNativeTarget "WeGoGym" */ = {
			isa = XCConfigurationList;
			buildConfigurations = (
				7E0042FD293159C1006157AD /* Debug */,
				7E0042FE293159C1006157AD /* Release */,
			);
			defaultConfigurationIsVisible = 0;
			defaultConfigurationName = Release;
		};
/* End XCConfigurationList section */
	};
	rootObject = 7E0042E0293159BF006157AD /* Project object */;
}
