// !$*UTF8*$!
{
	archiveVersion = 1;
	classes = {
	};
	objectVersion = 56;
	objects = {

/* Begin PBXBuildFile section */
		7E0042EC293159BF006157AD /* AppDelegate.swift in Sources */ = {isa = PBXBuildFile; fileRef = 7E0042EB293159BF006157AD /* AppDelegate.swift */; };
		7E0042EE293159BF006157AD /* SceneDelegate.swift in Sources */ = {isa = PBXBuildFile; fileRef = 7E0042ED293159BF006157AD /* SceneDelegate.swift */; };
		7E0042F0293159BF006157AD /* ViewController.swift in Sources */ = {isa = PBXBuildFile; fileRef = 7E0042EF293159BF006157AD /* ViewController.swift */; };
		7E0042F3293159BF006157AD /* Main.storyboard in Resources */ = {isa = PBXBuildFile; fileRef = 7E0042F1293159BF006157AD /* Main.storyboard */; };
		7E0042F5293159C1006157AD /* Assets.xcassets in Resources */ = {isa = PBXBuildFile; fileRef = 7E0042F4293159C1006157AD /* Assets.xcassets */; };
		7E0042F8293159C1006157AD /* LaunchScreen.storyboard in Resources */ = {isa = PBXBuildFile; fileRef = 7E0042F6293159C1006157AD /* LaunchScreen.storyboard */; };
		7E1F6E6E2936D33F00D0A224 /* ProfileViewController.swift in Sources */ = {isa = PBXBuildFile; fileRef = 7E1F6E6D2936D33F00D0A224 /* ProfileViewController.swift */; };
		7E1F6E702936D6C700D0A224 /* ProfileOptions.swift in Sources */ = {isa = PBXBuildFile; fileRef = 7E1F6E6F2936D6C700D0A224 /* ProfileOptions.swift */; };
		7E1F6E722936D89100D0A224 /* ProfileOptionTableViewCell.swift in Sources */ = {isa = PBXBuildFile; fileRef = 7E1F6E712936D89100D0A224 /* ProfileOptionTableViewCell.swift */; };
		7E41A064293E69B000B60316 /* UpdateRoutineViewController.swift in Sources */ = {isa = PBXBuildFile; fileRef = 7E41A063293E69B000B60316 /* UpdateRoutineViewController.swift */; };
		7E489A73293D4E2F00E1B189 /* RoutineTableViewCell.swift in Sources */ = {isa = PBXBuildFile; fileRef = 7E489A71293D4E2F00E1B189 /* RoutineTableViewCell.swift */; };
		7E489A74293D4E2F00E1B189 /* RoutineTableViewCell.xib in Resources */ = {isa = PBXBuildFile; fileRef = 7E489A72293D4E2F00E1B189 /* RoutineTableViewCell.xib */; };
		7E489A76293D67DC00E1B189 /* Routine.swift in Sources */ = {isa = PBXBuildFile; fileRef = 7E489A75293D67DC00E1B189 /* Routine.swift */; };
		7E489A78293D684C00E1B189 /* Excercise.swift in Sources */ = {isa = PBXBuildFile; fileRef = 7E489A77293D684C00E1B189 /* Excercise.swift */; };
		7E489A7A293D7EBB00E1B189 /* DetailRoutineViewController.swift in Sources */ = {isa = PBXBuildFile; fileRef = 7E489A79293D7EBB00E1B189 /* DetailRoutineViewController.swift */; };
		7E489A7C293D8F5200E1B189 /* RoutinesFeaturesSB.storyboard in Resources */ = {isa = PBXBuildFile; fileRef = 7E489A7B293D8F5200E1B189 /* RoutinesFeaturesSB.storyboard */; };
		7E489A7E293DA2CB00E1B189 /* AddRoutineViewController.swift in Sources */ = {isa = PBXBuildFile; fileRef = 7E489A7D293DA2CB00E1B189 /* AddRoutineViewController.swift */; };
		7E938D6729353539001DCD6F /* SignInScreenViewController.swift in Sources */ = {isa = PBXBuildFile; fileRef = 7E938D6629353539001DCD6F /* SignInScreenViewController.swift */; };
		7EB687DB293D0242001BE573 /* SignInSB.storyboard in Resources */ = {isa = PBXBuildFile; fileRef = 7EB687DA293D0242001BE573 /* SignInSB.storyboard */; };
		7EB687DD293D09A5001BE573 /* SignUpSB.storyboard in Resources */ = {isa = PBXBuildFile; fileRef = 7EB687DC293D09A5001BE573 /* SignUpSB.storyboard */; };
		7EB687DF293D0EF5001BE573 /* HomeSB.storyboard in Resources */ = {isa = PBXBuildFile; fileRef = 7EB687DE293D0EF5001BE573 /* HomeSB.storyboard */; };
		7EB687E1293D13CE001BE573 /* HomeViewController.swift in Sources */ = {isa = PBXBuildFile; fileRef = 7EB687E0293D13CE001BE573 /* HomeViewController.swift */; };
		7EB687E6293D3E86001BE573 /* RoutinesViewController.swift in Sources */ = {isa = PBXBuildFile; fileRef = 7EB687E5293D3E86001BE573 /* RoutinesViewController.swift */; };
		7EE4769E29369B0400C3DC07 /* SignUpViewController.swift in Sources */ = {isa = PBXBuildFile; fileRef = 7EE4769D29369B0400C3DC07 /* SignUpViewController.swift */; };
		7EE476A229369F3F00C3DC07 /* ObjectivesViewController.swift in Sources */ = {isa = PBXBuildFile; fileRef = 7EE476A129369F3F00C3DC07 /* ObjectivesViewController.swift */; };
		7EF90269294015B8001E43D1 /* ExcerciseRoutineDetailCollectionViewCell.swift in Sources */ = {isa = PBXBuildFile; fileRef = 7EF90268294015B8001E43D1 /* ExcerciseRoutineDetailCollectionViewCell.swift */; };
/* End PBXBuildFile section */

/* Begin PBXFileReference section */
		7E0042E8293159BF006157AD /* WeGoGym.app */ = {isa = PBXFileReference; explicitFileType = wrapper.application; includeInIndex = 0; path = WeGoGym.app; sourceTree = BUILT_PRODUCTS_DIR; };
		7E0042EB293159BF006157AD /* AppDelegate.swift */ = {isa = PBXFileReference; lastKnownFileType = sourcecode.swift; path = AppDelegate.swift; sourceTree = "<group>"; };
		7E0042ED293159BF006157AD /* SceneDelegate.swift */ = {isa = PBXFileReference; lastKnownFileType = sourcecode.swift; path = SceneDelegate.swift; sourceTree = "<group>"; };
		7E0042EF293159BF006157AD /* ViewController.swift */ = {isa = PBXFileReference; lastKnownFileType = sourcecode.swift; path = ViewController.swift; sourceTree = "<group>"; };
		7E0042F2293159BF006157AD /* Base */ = {isa = PBXFileReference; lastKnownFileType = file.storyboard; name = Base; path = Base.lproj/Main.storyboard; sourceTree = "<group>"; };
		7E0042F4293159C1006157AD /* Assets.xcassets */ = {isa = PBXFileReference; lastKnownFileType = folder.assetcatalog; path = Assets.xcassets; sourceTree = "<group>"; };
		7E0042F7293159C1006157AD /* Base */ = {isa = PBXFileReference; lastKnownFileType = file.storyboard; name = Base; path = Base.lproj/LaunchScreen.storyboard; sourceTree = "<group>"; };
		7E0042F9293159C1006157AD /* Info.plist */ = {isa = PBXFileReference; lastKnownFileType = text.plist.xml; path = Info.plist; sourceTree = "<group>"; };
		7E1F6E6D2936D33F00D0A224 /* ProfileViewController.swift */ = {isa = PBXFileReference; lastKnownFileType = sourcecode.swift; path = ProfileViewController.swift; sourceTree = "<group>"; };
		7E1F6E6F2936D6C700D0A224 /* ProfileOptions.swift */ = {isa = PBXFileReference; lastKnownFileType = sourcecode.swift; path = ProfileOptions.swift; sourceTree = "<group>"; };
		7E1F6E712936D89100D0A224 /* ProfileOptionTableViewCell.swift */ = {isa = PBXFileReference; lastKnownFileType = sourcecode.swift; path = ProfileOptionTableViewCell.swift; sourceTree = "<group>"; };
		7E41A063293E69B000B60316 /* UpdateRoutineViewController.swift */ = {isa = PBXFileReference; lastKnownFileType = sourcecode.swift; path = UpdateRoutineViewController.swift; sourceTree = "<group>"; };
		7E489A71293D4E2F00E1B189 /* RoutineTableViewCell.swift */ = {isa = PBXFileReference; lastKnownFileType = sourcecode.swift; path = RoutineTableViewCell.swift; sourceTree = "<group>"; };
		7E489A72293D4E2F00E1B189 /* RoutineTableViewCell.xib */ = {isa = PBXFileReference; lastKnownFileType = file.xib; path = RoutineTableViewCell.xib; sourceTree = "<group>"; };
		7E489A75293D67DC00E1B189 /* Routine.swift */ = {isa = PBXFileReference; lastKnownFileType = sourcecode.swift; path = Routine.swift; sourceTree = "<group>"; };
		7E489A77293D684C00E1B189 /* Excercise.swift */ = {isa = PBXFileReference; lastKnownFileType = sourcecode.swift; path = Excercise.swift; sourceTree = "<group>"; };
		7E489A79293D7EBB00E1B189 /* DetailRoutineViewController.swift */ = {isa = PBXFileReference; lastKnownFileType = sourcecode.swift; path = DetailRoutineViewController.swift; sourceTree = "<group>"; };
		7E489A7B293D8F5200E1B189 /* RoutinesFeaturesSB.storyboard */ = {isa = PBXFileReference; lastKnownFileType = file.storyboard; path = RoutinesFeaturesSB.storyboard; sourceTree = "<group>"; };
		7E489A7D293DA2CB00E1B189 /* AddRoutineViewController.swift */ = {isa = PBXFileReference; lastKnownFileType = sourcecode.swift; path = AddRoutineViewController.swift; sourceTree = "<group>"; };
		7E938D6629353539001DCD6F /* SignInScreenViewController.swift */ = {isa = PBXFileReference; lastKnownFileType = sourcecode.swift; path = SignInScreenViewController.swift; sourceTree = "<group>"; };
		7EB687DA293D0242001BE573 /* SignInSB.storyboard */ = {isa = PBXFileReference; lastKnownFileType = file.storyboard; path = SignInSB.storyboard; sourceTree = "<group>"; };
		7EB687DC293D09A5001BE573 /* SignUpSB.storyboard */ = {isa = PBXFileReference; lastKnownFileType = file.storyboard; path = SignUpSB.storyboard; sourceTree = "<group>"; };
		7EB687DE293D0EF5001BE573 /* HomeSB.storyboard */ = {isa = PBXFileReference; lastKnownFileType = file.storyboard; path = HomeSB.storyboard; sourceTree = "<group>"; };
		7EB687E0293D13CE001BE573 /* HomeViewController.swift */ = {isa = PBXFileReference; lastKnownFileType = sourcecode.swift; path = HomeViewController.swift; sourceTree = "<group>"; };
		7EB687E5293D3E86001BE573 /* RoutinesViewController.swift */ = {isa = PBXFileReference; lastKnownFileType = sourcecode.swift; path = RoutinesViewController.swift; sourceTree = "<group>"; };
		7EE4769D29369B0400C3DC07 /* SignUpViewController.swift */ = {isa = PBXFileReference; lastKnownFileType = sourcecode.swift; path = SignUpViewController.swift; sourceTree = "<group>"; };
		7EE476A129369F3F00C3DC07 /* ObjectivesViewController.swift */ = {isa = PBXFileReference; lastKnownFileType = sourcecode.swift; path = ObjectivesViewController.swift; sourceTree = "<group>"; };
		7EF90268294015B8001E43D1 /* ExcerciseRoutineDetailCollectionViewCell.swift */ = {isa = PBXFileReference; lastKnownFileType = sourcecode.swift; path = ExcerciseRoutineDetailCollectionViewCell.swift; sourceTree = "<group>"; };
/* End PBXFileReference section */

/* Begin PBXFrameworksBuildPhase section */
		7E0042E5293159BF006157AD /* Frameworks */ = {
			isa = PBXFrameworksBuildPhase;
			buildActionMask = 2147483647;
			files = (
			);
			runOnlyForDeploymentPostprocessing = 0;
		};
/* End PBXFrameworksBuildPhase section */

/* Begin PBXGroup section */
		7E0042DF293159BF006157AD = {
			isa = PBXGroup;
			children = (
				7E0042EA293159BF006157AD /* WeGoGym */,
				7E0042E9293159BF006157AD /* Products */,
			);
			sourceTree = "<group>";
		};
		7E0042E9293159BF006157AD /* Products */ = {
			isa = PBXGroup;
			children = (
				7E0042E8293159BF006157AD /* WeGoGym.app */,
			);
			name = Products;
			sourceTree = "<group>";
		};
		7E0042EA293159BF006157AD /* WeGoGym */ = {
			isa = PBXGroup;
			children = (
				7EB687E4293D1BF0001BE573 /* Models */,
				7EB687D9293D004A001BE573 /* HomeView */,
				7EB687D8293D0034001BE573 /* SignUpView */,
				7EB687D7293D0019001BE573 /* SignInView */,
				7E0042EB293159BF006157AD /* AppDelegate.swift */,
				7E0042ED293159BF006157AD /* SceneDelegate.swift */,
				7E0042EF293159BF006157AD /* ViewController.swift */,
				7E0042F1293159BF006157AD /* Main.storyboard */,
				7E0042F4293159C1006157AD /* Assets.xcassets */,
				7E0042F6293159C1006157AD /* LaunchScreen.storyboard */,
				7E0042F9293159C1006157AD /* Info.plist */,
			);
			path = WeGoGym;
			sourceTree = "<group>";
		};
		7EB687D7293D0019001BE573 /* SignInView */ = {
			isa = PBXGroup;
			children = (
				7E938D6629353539001DCD6F /* SignInScreenViewController.swift */,
				7EB687DA293D0242001BE573 /* SignInSB.storyboard */,
			);
			path = SignInView;
			sourceTree = "<group>";
		};
		7EB687D8293D0034001BE573 /* SignUpView */ = {
			isa = PBXGroup;
			children = (
				7EE4769D29369B0400C3DC07 /* SignUpViewController.swift */,
				7EE476A129369F3F00C3DC07 /* ObjectivesViewController.swift */,
				7EB687DC293D09A5001BE573 /* SignUpSB.storyboard */,
			);
			path = SignUpView;
			sourceTree = "<group>";
		};
		7EB687D9293D004A001BE573 /* HomeView */ = {
			isa = PBXGroup;
			children = (
				7EB687E3293D1BDF001BE573 /* ProfileView */,
				7EB687E2293D1BC6001BE573 /* RoutinesView */,
				7E1F6E6D2936D33F00D0A224 /* ProfileViewController.swift */,
				7E1F6E712936D89100D0A224 /* ProfileOptionTableViewCell.swift */,
				7E1F6E6F2936D6C700D0A224 /* ProfileOptions.swift */,
				7EB687DE293D0EF5001BE573 /* HomeSB.storyboard */,
				7EB687E0293D13CE001BE573 /* HomeViewController.swift */,
			);
			path = HomeView;
			sourceTree = "<group>";
		};
		7EB687E2293D1BC6001BE573 /* RoutinesView */ = {
			isa = PBXGroup;
			children = (
				7EB687E5293D3E86001BE573 /* RoutinesViewController.swift */,
				7E489A71293D4E2F00E1B189 /* RoutineTableViewCell.swift */,
				7E489A72293D4E2F00E1B189 /* RoutineTableViewCell.xib */,
				7E489A79293D7EBB00E1B189 /* DetailRoutineViewController.swift */,
				7E489A7B293D8F5200E1B189 /* RoutinesFeaturesSB.storyboard */,
				7E489A7D293DA2CB00E1B189 /* AddRoutineViewController.swift */,
				7E41A063293E69B000B60316 /* UpdateRoutineViewController.swift */,
				7EF90268294015B8001E43D1 /* ExcerciseRoutineDetailCollectionViewCell.swift */,
			);
			path = RoutinesView;
			sourceTree = "<group>";
		};
		7EB687E3293D1BDF001BE573 /* ProfileView */ = {
			isa = PBXGroup;
			children = (
			);
			path = ProfileView;
			sourceTree = "<group>";
		};
		7EB687E4293D1BF0001BE573 /* Models */ = {
			isa = PBXGroup;
			children = (
				7E489A75293D67DC00E1B189 /* Routine.swift */,
				7E489A77293D684C00E1B189 /* Excercise.swift */,
			);
			path = Models;
			sourceTree = "<group>";
		};
/* End PBXGroup section */

/* Begin PBXNativeTarget section */
		7E0042E7293159BF006157AD /* WeGoGym */ = {
			isa = PBXNativeTarget;
			buildConfigurationList = 7E0042FC293159C1006157AD /* Build configuration list for PBXNativeTarget "WeGoGym" */;
			buildPhases = (
				7E0042E4293159BF006157AD /* Sources */,
				7E0042E5293159BF006157AD /* Frameworks */,
				7E0042E6293159BF006157AD /* Resources */,
			);
			buildRules = (
			);
			dependencies = (
			);
			name = WeGoGym;
			productName = WeGoGym;
			productReference = 7E0042E8293159BF006157AD /* WeGoGym.app */;
			productType = "com.apple.product-type.application";
		};
/* End PBXNativeTarget section */

/* Begin PBXProject section */
		7E0042E0293159BF006157AD /* Project object */ = {
			isa = PBXProject;
			attributes = {
				BuildIndependentTargetsInParallel = 1;
				LastSwiftUpdateCheck = 1410;
				LastUpgradeCheck = 1410;
				TargetAttributes = {
					7E0042E7293159BF006157AD = {
						CreatedOnToolsVersion = 14.1;
					};
				};
			};
			buildConfigurationList = 7E0042E3293159BF006157AD /* Build configuration list for PBXProject "WeGoGym" */;
			compatibilityVersion = "Xcode 14.0";
			developmentRegion = en;
			hasScannedForEncodings = 0;
			knownRegions = (
				en,
				Base,
			);
			mainGroup = 7E0042DF293159BF006157AD;
			productRefGroup = 7E0042E9293159BF006157AD /* Products */;
			projectDirPath = "";
			projectRoot = "";
			targets = (
				7E0042E7293159BF006157AD /* WeGoGym */,
			);
		};
/* End PBXProject section */

/* Begin PBXResourcesBuildPhase section */
		7E0042E6293159BF006157AD /* Resources */ = {
			isa = PBXResourcesBuildPhase;
			buildActionMask = 2147483647;
			files = (
				7EB687DF293D0EF5001BE573 /* HomeSB.storyboard in Resources */,
				7E489A7C293D8F5200E1B189 /* RoutinesFeaturesSB.storyboard in Resources */,
				7E0042F8293159C1006157AD /* LaunchScreen.storyboard in Resources */,
				7E0042F5293159C1006157AD /* Assets.xcassets in Resources */,
				7E0042F3293159BF006157AD /* Main.storyboard in Resources */,
				7E489A74293D4E2F00E1B189 /* RoutineTableViewCell.xib in Resources */,
				7EB687DB293D0242001BE573 /* SignInSB.storyboard in Resources */,
				7EB687DD293D09A5001BE573 /* SignUpSB.storyboard in Resources */,
			);
			runOnlyForDeploymentPostprocessing = 0;
		};
/* End PBXResourcesBuildPhase section */

/* Begin PBXSourcesBuildPhase section */
		7E0042E4293159BF006157AD /* Sources */ = {
			isa = PBXSourcesBuildPhase;
			buildActionMask = 2147483647;
			files = (
				7E0042F0293159BF006157AD /* ViewController.swift in Sources */,
				7E489A76293D67DC00E1B189 /* Routine.swift in Sources */,
				7E938D6729353539001DCD6F /* SignInScreenViewController.swift in Sources */,
				7E489A78293D684C00E1B189 /* Excercise.swift in Sources */,
				7EF90269294015B8001E43D1 /* ExcerciseRoutineDetailCollectionViewCell.swift in Sources */,
				7E0042EC293159BF006157AD /* AppDelegate.swift in Sources */,
				7EB687E6293D3E86001BE573 /* RoutinesViewController.swift in Sources */,
				7E0042EE293159BF006157AD /* SceneDelegate.swift in Sources */,
				7E489A7E293DA2CB00E1B189 /* AddRoutineViewController.swift in Sources */,
				7E1F6E702936D6C700D0A224 /* ProfileOptions.swift in Sources */,
				7EB687E1293D13CE001BE573 /* HomeViewController.swift in Sources */,
				7E1F6E6E2936D33F00D0A224 /* ProfileViewController.swift in Sources */,
				7EE476A229369F3F00C3DC07 /* ObjectivesViewController.swift in Sources */,
				7E1F6E722936D89100D0A224 /* ProfileOptionTableViewCell.swift in Sources */,
				7E489A73293D4E2F00E1B189 /* RoutineTableViewCell.swift in Sources */,
				7E489A7A293D7EBB00E1B189 /* DetailRoutineViewController.swift in Sources */,
				7E41A064293E69B000B60316 /* UpdateRoutineViewController.swift in Sources */,
				7EE4769E29369B0400C3DC07 /* SignUpViewController.swift in Sources */,
			);
			runOnlyForDeploymentPostprocessing = 0;
		};
/* End PBXSourcesBuildPhase section */

/* Begin PBXVariantGroup section */
		7E0042F1293159BF006157AD /* Main.storyboard */ = {
			isa = PBXVariantGroup;
			children = (
				7E0042F2293159BF006157AD /* Base */,
			);
			name = Main.storyboard;
			sourceTree = "<group>";
		};
		7E0042F6293159C1006157AD /* LaunchScreen.storyboard */ = {
			isa = PBXVariantGroup;
			children = (
				7E0042F7293159C1006157AD /* Base */,
			);
			name = LaunchScreen.storyboard;
			sourceTree = "<group>";
		};
/* End PBXVariantGroup section */

/* Begin XCBuildConfiguration section */
		7E0042FA293159C1006157AD /* Debug */ = {
			isa = XCBuildConfiguration;
			buildSettings = {
				ALWAYS_SEARCH_USER_PATHS = NO;
				CLANG_ANALYZER_NONNULL = YES;
				CLANG_ANALYZER_NUMBER_OBJECT_CONVERSION = YES_AGGRESSIVE;
				CLANG_CXX_LANGUAGE_STANDARD = "gnu++20";
				CLANG_ENABLE_MODULES = YES;
				CLANG_ENABLE_OBJC_ARC = YES;
				CLANG_ENABLE_OBJC_WEAK = YES;
				CLANG_WARN_BLOCK_CAPTURE_AUTORELEASING = YES;
				CLANG_WARN_BOOL_CONVERSION = YES;
				CLANG_WARN_COMMA = YES;
				CLANG_WARN_CONSTANT_CONVERSION = YES;
				CLANG_WARN_DEPRECATED_OBJC_IMPLEMENTATIONS = YES;
				CLANG_WARN_DIRECT_OBJC_ISA_USAGE = YES_ERROR;
				CLANG_WARN_DOCUMENTATION_COMMENTS = YES;
				CLANG_WARN_EMPTY_BODY = YES;
				CLANG_WARN_ENUM_CONVERSION = YES;
				CLANG_WARN_INFINITE_RECURSION = YES;
				CLANG_WARN_INT_CONVERSION = YES;
				CLANG_WARN_NON_LITERAL_NULL_CONVERSION = YES;
				CLANG_WARN_OBJC_IMPLICIT_RETAIN_SELF = YES;
				CLANG_WARN_OBJC_LITERAL_CONVERSION = YES;
				CLANG_WARN_OBJC_ROOT_CLASS = YES_ERROR;
				CLANG_WARN_QUOTED_INCLUDE_IN_FRAMEWORK_HEADER = YES;
				CLANG_WARN_RANGE_LOOP_ANALYSIS = YES;
				CLANG_WARN_STRICT_PROTOTYPES = YES;
				CLANG_WARN_SUSPICIOUS_MOVE = YES;
				CLANG_WARN_UNGUARDED_AVAILABILITY = YES_AGGRESSIVE;
				CLANG_WARN_UNREACHABLE_CODE = YES;
				CLANG_WARN__DUPLICATE_METHOD_MATCH = YES;
				COPY_PHASE_STRIP = NO;
				DEBUG_INFORMATION_FORMAT = dwarf;
				ENABLE_STRICT_OBJC_MSGSEND = YES;
				ENABLE_TESTABILITY = YES;
				GCC_C_LANGUAGE_STANDARD = gnu11;
				GCC_DYNAMIC_NO_PIC = NO;
				GCC_NO_COMMON_BLOCKS = YES;
				GCC_OPTIMIZATION_LEVEL = 0;
				GCC_PREPROCESSOR_DEFINITIONS = (
					"DEBUG=1",
					"$(inherited)",
				);
				GCC_WARN_64_TO_32_BIT_CONVERSION = YES;
				GCC_WARN_ABOUT_RETURN_TYPE = YES_ERROR;
				GCC_WARN_UNDECLARED_SELECTOR = YES;
				GCC_WARN_UNINITIALIZED_AUTOS = YES_AGGRESSIVE;
				GCC_WARN_UNUSED_FUNCTION = YES;
				GCC_WARN_UNUSED_VARIABLE = YES;
				IPHONEOS_DEPLOYMENT_TARGET = 16.1;
				MTL_ENABLE_DEBUG_INFO = INCLUDE_SOURCE;
				MTL_FAST_MATH = YES;
				ONLY_ACTIVE_ARCH = YES;
				SDKROOT = iphoneos;
				SWIFT_ACTIVE_COMPILATION_CONDITIONS = DEBUG;
				SWIFT_OPTIMIZATION_LEVEL = "-Onone";
			};
			name = Debug;
		};
		7E0042FB293159C1006157AD /* Release */ = {
			isa = XCBuildConfiguration;
			buildSettings = {
				ALWAYS_SEARCH_USER_PATHS = NO;
				CLANG_ANALYZER_NONNULL = YES;
				CLANG_ANALYZER_NUMBER_OBJECT_CONVERSION = YES_AGGRESSIVE;
				CLANG_CXX_LANGUAGE_STANDARD = "gnu++20";
				CLANG_ENABLE_MODULES = YES;
				CLANG_ENABLE_OBJC_ARC = YES;
				CLANG_ENABLE_OBJC_WEAK = YES;
				CLANG_WARN_BLOCK_CAPTURE_AUTORELEASING = YES;
				CLANG_WARN_BOOL_CONVERSION = YES;
				CLANG_WARN_COMMA = YES;
				CLANG_WARN_CONSTANT_CONVERSION = YES;
				CLANG_WARN_DEPRECATED_OBJC_IMPLEMENTATIONS = YES;
				CLANG_WARN_DIRECT_OBJC_ISA_USAGE = YES_ERROR;
				CLANG_WARN_DOCUMENTATION_COMMENTS = YES;
				CLANG_WARN_EMPTY_BODY = YES;
				CLANG_WARN_ENUM_CONVERSION = YES;
				CLANG_WARN_INFINITE_RECURSION = YES;
				CLANG_WARN_INT_CONVERSION = YES;
				CLANG_WARN_NON_LITERAL_NULL_CONVERSION = YES;
				CLANG_WARN_OBJC_IMPLICIT_RETAIN_SELF = YES;
				CLANG_WARN_OBJC_LITERAL_CONVERSION = YES;
				CLANG_WARN_OBJC_ROOT_CLASS = YES_ERROR;
				CLANG_WARN_QUOTED_INCLUDE_IN_FRAMEWORK_HEADER = YES;
				CLANG_WARN_RANGE_LOOP_ANALYSIS = YES;
				CLANG_WARN_STRICT_PROTOTYPES = YES;
				CLANG_WARN_SUSPICIOUS_MOVE = YES;
				CLANG_WARN_UNGUARDED_AVAILABILITY = YES_AGGRESSIVE;
				CLANG_WARN_UNREACHABLE_CODE = YES;
				CLANG_WARN__DUPLICATE_METHOD_MATCH = YES;
				COPY_PHASE_STRIP = NO;
				DEBUG_INFORMATION_FORMAT = "dwarf-with-dsym";
				ENABLE_NS_ASSERTIONS = NO;
				ENABLE_STRICT_OBJC_MSGSEND = YES;
				GCC_C_LANGUAGE_STANDARD = gnu11;
				GCC_NO_COMMON_BLOCKS = YES;
				GCC_WARN_64_TO_32_BIT_CONVERSION = YES;
				GCC_WARN_ABOUT_RETURN_TYPE = YES_ERROR;
				GCC_WARN_UNDECLARED_SELECTOR = YES;
				GCC_WARN_UNINITIALIZED_AUTOS = YES_AGGRESSIVE;
				GCC_WARN_UNUSED_FUNCTION = YES;
				GCC_WARN_UNUSED_VARIABLE = YES;
				IPHONEOS_DEPLOYMENT_TARGET = 16.1;
				MTL_ENABLE_DEBUG_INFO = NO;
				MTL_FAST_MATH = YES;
				SDKROOT = iphoneos;
				SWIFT_COMPILATION_MODE = wholemodule;
				SWIFT_OPTIMIZATION_LEVEL = "-O";
				VALIDATE_PRODUCT = YES;
			};
			name = Release;
		};
		7E0042FD293159C1006157AD /* Debug */ = {
			isa = XCBuildConfiguration;
			buildSettings = {
				ASSETCATALOG_COMPILER_APPICON_NAME = AppIcon;
				ASSETCATALOG_COMPILER_GLOBAL_ACCENT_COLOR_NAME = AccentColor;
				CODE_SIGN_STYLE = Automatic;
				CURRENT_PROJECT_VERSION = 1;
				GENERATE_INFOPLIST_FILE = YES;
				INFOPLIST_FILE = WeGoGym/Info.plist;
				INFOPLIST_KEY_UIApplicationSupportsIndirectInputEvents = YES;
				INFOPLIST_KEY_UILaunchStoryboardName = LaunchScreen;
				INFOPLIST_KEY_UIMainStoryboardFile = Main;
				INFOPLIST_KEY_UISupportedInterfaceOrientations_iPad = "UIInterfaceOrientationPortrait UIInterfaceOrientationPortraitUpsideDown UIInterfaceOrientationLandscapeLeft UIInterfaceOrientationLandscapeRight";
				INFOPLIST_KEY_UISupportedInterfaceOrientations_iPhone = "UIInterfaceOrientationPortrait UIInterfaceOrientationLandscapeLeft UIInterfaceOrientationLandscapeRight";
				LD_RUNPATH_SEARCH_PATHS = (
					"$(inherited)",
					"@executable_path/Frameworks",
				);
				MARKETING_VERSION = 1.0;
				PRODUCT_BUNDLE_IDENTIFIER = pe.gino.WeGoGym;
				PRODUCT_NAME = "$(TARGET_NAME)";
				SWIFT_EMIT_LOC_STRINGS = YES;
				SWIFT_VERSION = 5.0;
				TARGETED_DEVICE_FAMILY = "1,2";
			};
			name = Debug;
		};
		7E0042FE293159C1006157AD /* Release */ = {
			isa = XCBuildConfiguration;
			buildSettings = {
				ASSETCATALOG_COMPILER_APPICON_NAME = AppIcon;
				ASSETCATALOG_COMPILER_GLOBAL_ACCENT_COLOR_NAME = AccentColor;
				CODE_SIGN_STYLE = Automatic;
				CURRENT_PROJECT_VERSION = 1;
				GENERATE_INFOPLIST_FILE = YES;
				INFOPLIST_FILE = WeGoGym/Info.plist;
				INFOPLIST_KEY_UIApplicationSupportsIndirectInputEvents = YES;
				INFOPLIST_KEY_UILaunchStoryboardName = LaunchScreen;
				INFOPLIST_KEY_UIMainStoryboardFile = Main;
				INFOPLIST_KEY_UISupportedInterfaceOrientations_iPad = "UIInterfaceOrientationPortrait UIInterfaceOrientationPortraitUpsideDown UIInterfaceOrientationLandscapeLeft UIInterfaceOrientationLandscapeRight";
				INFOPLIST_KEY_UISupportedInterfaceOrientations_iPhone = "UIInterfaceOrientationPortrait UIInterfaceOrientationLandscapeLeft UIInterfaceOrientationLandscapeRight";
				LD_RUNPATH_SEARCH_PATHS = (
					"$(inherited)",
					"@executable_path/Frameworks",
				);
				MARKETING_VERSION = 1.0;
				PRODUCT_BUNDLE_IDENTIFIER = pe.gino.WeGoGym;
				PRODUCT_NAME = "$(TARGET_NAME)";
				SWIFT_EMIT_LOC_STRINGS = YES;
				SWIFT_VERSION = 5.0;
				TARGETED_DEVICE_FAMILY = "1,2";
			};
			name = Release;
		};
/* End XCBuildConfiguration section */

/* Begin XCConfigurationList section */
		7E0042E3293159BF006157AD /* Build configuration list for PBXProject "WeGoGym" */ = {
			isa = XCConfigurationList;
			buildConfigurations = (
				7E0042FA293159C1006157AD /* Debug */,
				7E0042FB293159C1006157AD /* Release */,
			);
			defaultConfigurationIsVisible = 0;
			defaultConfigurationName = Release;
		};
		7E0042FC293159C1006157AD /* Build configuration list for PBXNativeTarget "WeGoGym" */ = {
			isa = XCConfigurationList;
			buildConfigurations = (
				7E0042FD293159C1006157AD /* Debug */,
				7E0042FE293159C1006157AD /* Release */,
			);
			defaultConfigurationIsVisible = 0;
			defaultConfigurationName = Release;
		};
/* End XCConfigurationList section */
	};
	rootObject = 7E0042E0293159BF006157AD /* Project object */;
}
